
Microsoft Visual Studio Solution File, Format Version 12.00
# Visual Studio Version 17
VisualStudioVersion = 17.14.36203.30 d17.14
MinimumVisualStudioVersion = 10.0.40219.1
Project("{FAE04EC0-301F-11D3-BF4B-00C04F79EFBC}") = "ConsoleAppForDUKPT", "ConsoleAppForDUKPT\ConsoleAppForDUKPT.csproj", "{D01C48C3-0DFF-4C82-BD33-3B9768A32481}"
EndProject
Global
	GlobalSection(SolutionConfigurationPlatforms) = preSolution
		Debug|Any CPU = Debug|Any CPU
		Release|Any CPU = Release|Any CPU
	EndGlobalSection
	GlobalSection(ProjectConfigurationPlatforms) = postSolution
		{D01C48C3-0DFF-4C82-BD33-3B9768A32481}.Debug|Any CPU.ActiveCfg = Debug|Any CPU
		{D01C48C3-0DFF-4C82-BD33-3B9768A32481}.Debug|Any CPU.Build.0 = Debug|Any CPU
		{D01C48C3-0DFF-4C82-BD33-3B9768A32481}.Release|Any CPU.ActiveCfg = Release|Any CPU
		{D01C48C3-0DFF-4C82-BD33-3B9768A32481}.Release|Any CPU.Build.0 = Release|Any CPU
	EndGlobalSection
	GlobalSection(SolutionProperties) = preSolution
		HideSolutionNode = FALSE
	EndGlobalSection
	GlobalSection(ExtensibilityGlobals) = postSolution
		SolutionGuid = {949FFAB5-A602-486F-81D9-EE75E2479CE5}
	EndGlobalSection
EndGlobal
