
Microsoft Visual Studio Solution File, Format Version 12.00
# Visual Studio Version 17
VisualStudioVersion = 17.14.36203.30 d17.14
MinimumVisualStudioVersion = 10.0.40219.1
Project("{FAE04EC0-301F-11D3-BF4B-00C04F79EFBC}") = "AesEncryptionDemo", "AesEncryptionDemo\AesEncryptionDemo.csproj", "{B6A875B9-EAFC-4D77-A658-D36A7831985E}"
EndProject
Global
	GlobalSection(SolutionConfigurationPlatforms) = preSolution
		Debug|Any CPU = Debug|Any CPU
		Release|Any CPU = Release|Any CPU
	EndGlobalSection
	GlobalSection(ProjectConfigurationPlatforms) = postSolution
		{B6A875B9-EAFC-4D77-A658-D36A7831985E}.Debug|Any CPU.ActiveCfg = Debug|Any CPU
		{B6A875B9-EAFC-4D77-A658-D36A7831985E}.Debug|Any CPU.Build.0 = Debug|Any CPU
		{B6A875B9-EAFC-4D77-A658-D36A7831985E}.Release|Any CPU.ActiveCfg = Release|Any CPU
		{B6A875B9-EAFC-4D77-A658-D36A7831985E}.Release|Any CPU.Build.0 = Release|Any CPU
	EndGlobalSection
	GlobalSection(SolutionProperties) = preSolution
		HideSolutionNode = FALSE
	EndGlobalSection
	GlobalSection(ExtensibilityGlobals) = postSolution
		SolutionGuid = {3FB23F42-EB36-4117-8762-A7777B7DA6DC}
	EndGlobalSection
EndGlobal
